// !$*UTF8*$!
{
	archiveVersion = 1;
	classes = {
	};
	objectVersion = 50;
	objects = {

/* Begin PBXBuildFile section */
		CD38B60021D239FA008FEBAE /* RuntimeTest.m in Sources */ = {isa = PBXBuildFile; fileRef = CD38B5FF21D239FA008FEBAE /* RuntimeTest.m */; };
		CD38B60721D23B7E008FEBAE /* Personal.m in Sources */ = {isa = PBXBuildFile; fileRef = CD38B60621D23B7E008FEBAE /* Personal.m */; };
		CD38B60A21D241A9008FEBAE /* UIImage+KZ_Load.m in Sources */ = {isa = PBXBuildFile; fileRef = CD38B60921D241A9008FEBAE /* UIImage+KZ_Load.m */; };
		CD6895FF2229613F00AE5169 /* KVOTest.m in Sources */ = {isa = PBXBuildFile; fileRef = CD6895F62229613F00AE5169 /* KVOTest.m */; };
		CD6896002229613F00AE5169 /* NSKVONotifying_KVOTest.m in Sources */ = {isa = PBXBuildFile; fileRef = CD6895F72229613F00AE5169 /* NSKVONotifying_KVOTest.m */; };
		CD6896012229613F00AE5169 /* LockTest.m in Sources */ = {isa = PBXBuildFile; fileRef = CD6895FB2229613F00AE5169 /* LockTest.m */; };
		CD6896022229613F00AE5169 /* Multithreading.m in Sources */ = {isa = PBXBuildFile; fileRef = CD6895FE2229613F00AE5169 /* Multithreading.m */; };
		CD6896072229614700AE5169 /* MessageForwarding.m in Sources */ = {isa = PBXBuildFile; fileRef = CD6896032229614700AE5169 /* MessageForwarding.m */; };
		CD6896082229614700AE5169 /* MessageTarget.m in Sources */ = {isa = PBXBuildFile; fileRef = CD6896052229614700AE5169 /* MessageTarget.m */; };
		CD7CD30621E342A700A7FCFD /* UserInfoModel.m in Sources */ = {isa = PBXBuildFile; fileRef = CD7CD30521E342A700A7FCFD /* UserInfoModel.m */; };
		CD7CD30F21E43A3D00A7FCFD /* TFBaseModel.m in Sources */ = {isa = PBXBuildFile; fileRef = CD7CD30E21E43A3D00A7FCFD /* TFBaseModel.m */; };
		CD82C43321ABA05600B3BAA0 /* AppDelegate.m in Sources */ = {isa = PBXBuildFile; fileRef = CD82C43221ABA05600B3BAA0 /* AppDelegate.m */; };
		CD82C43621ABA05600B3BAA0 /* ViewController.m in Sources */ = {isa = PBXBuildFile; fileRef = CD82C43521ABA05600B3BAA0 /* ViewController.m */; };
		CD82C43921ABA05600B3BAA0 /* Main.storyboard in Resources */ = {isa = PBXBuildFile; fileRef = CD82C43721ABA05600B3BAA0 /* Main.storyboard */; };
		CD82C43B21ABA05A00B3BAA0 /* Assets.xcassets in Resources */ = {isa = PBXBuildFile; fileRef = CD82C43A21ABA05A00B3BAA0 /* Assets.xcassets */; };
		CD82C43E21ABA05A00B3BAA0 /* LaunchScreen.storyboard in Resources */ = {isa = PBXBuildFile; fileRef = CD82C43C21ABA05A00B3BAA0 /* LaunchScreen.storyboard */; };
		CD82C44121ABA05A00B3BAA0 /* main.m in Sources */ = {isa = PBXBuildFile; fileRef = CD82C44021ABA05A00B3BAA0 /* main.m */; };
		CD82C44821AD186600B3BAA0 /* appName.plist in Resources */ = {isa = PBXBuildFile; fileRef = CD82C44721AD186600B3BAA0 /* appName.plist */; };
/* End PBXBuildFile section */

/* Begin PBXFileReference section */
		CD38B5FE21D239FA008FEBAE /* RuntimeTest.h */ = {isa = PBXFileReference; lastKnownFileType = sourcecode.c.h; path = RuntimeTest.h; sourceTree = "<group>"; };
		CD38B5FF21D239FA008FEBAE /* RuntimeTest.m */ = {isa = PBXFileReference; lastKnownFileType = sourcecode.c.objc; path = RuntimeTest.m; sourceTree = "<group>"; };
		CD38B60521D23B7E008FEBAE /* Personal.h */ = {isa = PBXFileReference; lastKnownFileType = sourcecode.c.h; path = Personal.h; sourceTree = "<group>"; };
		CD38B60621D23B7E008FEBAE /* Personal.m */ = {isa = PBXFileReference; lastKnownFileType = sourcecode.c.objc; path = Personal.m; sourceTree = "<group>"; };
		CD38B60821D241A9008FEBAE /* UIImage+KZ_Load.h */ = {isa = PBXFileReference; lastKnownFileType = sourcecode.c.h; path = "UIImage+KZ_Load.h"; sourceTree = "<group>"; };
		CD38B60921D241A9008FEBAE /* UIImage+KZ_Load.m */ = {isa = PBXFileReference; lastKnownFileType = sourcecode.c.objc; path = "UIImage+KZ_Load.m"; sourceTree = "<group>"; };
		CD6895F52229613F00AE5169 /* NSKVONotifying_KVOTest.h */ = {isa = PBXFileReference; fileEncoding = 4; lastKnownFileType = sourcecode.c.h; path = NSKVONotifying_KVOTest.h; sourceTree = "<group>"; };
		CD6895F62229613F00AE5169 /* KVOTest.m */ = {isa = PBXFileReference; fileEncoding = 4; lastKnownFileType = sourcecode.c.objc; path = KVOTest.m; sourceTree = "<group>"; };
		CD6895F72229613F00AE5169 /* NSKVONotifying_KVOTest.m */ = {isa = PBXFileReference; fileEncoding = 4; lastKnownFileType = sourcecode.c.objc; path = NSKVONotifying_KVOTest.m; sourceTree = "<group>"; };
		CD6895F82229613F00AE5169 /* KVOTest.h */ = {isa = PBXFileReference; fileEncoding = 4; lastKnownFileType = sourcecode.c.h; path = KVOTest.h; sourceTree = "<group>"; };
		CD6895FA2229613F00AE5169 /* LockTest.h */ = {isa = PBXFileReference; fileEncoding = 4; lastKnownFileType = sourcecode.c.h; path = LockTest.h; sourceTree = "<group>"; };
		CD6895FB2229613F00AE5169 /* LockTest.m */ = {isa = PBXFileReference; fileEncoding = 4; lastKnownFileType = sourcecode.c.objc; path = LockTest.m; sourceTree = "<group>"; };
		CD6895FD2229613F00AE5169 /* Multithreading.h */ = {isa = PBXFileReference; fileEncoding = 4; lastKnownFileType = sourcecode.c.h; path = Multithreading.h; sourceTree = "<group>"; };
		CD6895FE2229613F00AE5169 /* Multithreading.m */ = {isa = PBXFileReference; fileEncoding = 4; lastKnownFileType = sourcecode.c.objc; path = Multithreading.m; sourceTree = "<group>"; };
		CD6896032229614700AE5169 /* MessageForwarding.m */ = {isa = PBXFileReference; fileEncoding = 4; lastKnownFileType = sourcecode.c.objc; path = MessageForwarding.m; sourceTree = "<group>"; };
		CD6896042229614700AE5169 /* MessageForwarding.h */ = {isa = PBXFileReference; fileEncoding = 4; lastKnownFileType = sourcecode.c.h; path = MessageForwarding.h; sourceTree = "<group>"; };
		CD6896052229614700AE5169 /* MessageTarget.m */ = {isa = PBXFileReference; fileEncoding = 4; lastKnownFileType = sourcecode.c.objc; path = MessageTarget.m; sourceTree = "<group>"; };
		CD6896062229614700AE5169 /* MessageTarget.h */ = {isa = PBXFileReference; fileEncoding = 4; lastKnownFileType = sourcecode.c.h; path = MessageTarget.h; sourceTree = "<group>"; };
		CD7CD30421E342A700A7FCFD /* UserInfoModel.h */ = {isa = PBXFileReference; lastKnownFileType = sourcecode.c.h; path = UserInfoModel.h; sourceTree = "<group>"; };
		CD7CD30521E342A700A7FCFD /* UserInfoModel.m */ = {isa = PBXFileReference; lastKnownFileType = sourcecode.c.objc; path = UserInfoModel.m; sourceTree = "<group>"; };
		CD7CD30D21E43A3D00A7FCFD /* TFBaseModel.h */ = {isa = PBXFileReference; lastKnownFileType = sourcecode.c.h; path = TFBaseModel.h; sourceTree = "<group>"; };
		CD7CD30E21E43A3D00A7FCFD /* TFBaseModel.m */ = {isa = PBXFileReference; lastKnownFileType = sourcecode.c.objc; path = TFBaseModel.m; sourceTree = "<group>"; };
		CD82C42E21ABA05600B3BAA0 /* Knowledge.app */ = {isa = PBXFileReference; explicitFileType = wrapper.application; includeInIndex = 0; path = Knowledge.app; sourceTree = BUILT_PRODUCTS_DIR; };
		CD82C43121ABA05600B3BAA0 /* AppDelegate.h */ = {isa = PBXFileReference; lastKnownFileType = sourcecode.c.h; path = AppDelegate.h; sourceTree = "<group>"; };
		CD82C43221ABA05600B3BAA0 /* AppDelegate.m */ = {isa = PBXFileReference; lastKnownFileType = sourcecode.c.objc; path = AppDelegate.m; sourceTree = "<group>"; };
		CD82C43421ABA05600B3BAA0 /* ViewController.h */ = {isa = PBXFileReference; lastKnownFileType = sourcecode.c.h; path = ViewController.h; sourceTree = "<group>"; };
		CD82C43521ABA05600B3BAA0 /* ViewController.m */ = {isa = PBXFileReference; lastKnownFileType = sourcecode.c.objc; path = ViewController.m; sourceTree = "<group>"; };
		CD82C43821ABA05600B3BAA0 /* Base */ = {isa = PBXFileReference; lastKnownFileType = file.storyboard; name = Base; path = Base.lproj/Main.storyboard; sourceTree = "<group>"; };
		CD82C43A21ABA05A00B3BAA0 /* Assets.xcassets */ = {isa = PBXFileReference; lastKnownFileType = folder.assetcatalog; path = Assets.xcassets; sourceTree = "<group>"; };
		CD82C43D21ABA05A00B3BAA0 /* Base */ = {isa = PBXFileReference; lastKnownFileType = file.storyboard; name = Base; path = Base.lproj/LaunchScreen.storyboard; sourceTree = "<group>"; };
		CD82C43F21ABA05A00B3BAA0 /* Info.plist */ = {isa = PBXFileReference; lastKnownFileType = text.plist.xml; path = Info.plist; sourceTree = "<group>"; };
		CD82C44021ABA05A00B3BAA0 /* main.m */ = {isa = PBXFileReference; lastKnownFileType = sourcecode.c.objc; path = main.m; sourceTree = "<group>"; };
		CD82C44721AD186600B3BAA0 /* appName.plist */ = {isa = PBXFileReference; lastKnownFileType = text.plist.xml; path = appName.plist; sourceTree = "<group>"; };
/* End PBXFileReference section */

/* Begin PBXFrameworksBuildPhase section */
		CD82C42B21ABA05600B3BAA0 /* Frameworks */ = {
			isa = PBXFrameworksBuildPhase;
			buildActionMask = 2147483647;
			files = (
			);
			runOnlyForDeploymentPostprocessing = 0;
		};
/* End PBXFrameworksBuildPhase section */

/* Begin PBXGroup section */
		CD38B60421D23AB7008FEBAE /* Runtime */ = {
			isa = PBXGroup;
			children = (
				CD6896042229614700AE5169 /* MessageForwarding.h */,
				CD6896032229614700AE5169 /* MessageForwarding.m */,
				CD6896062229614700AE5169 /* MessageTarget.h */,
				CD6896052229614700AE5169 /* MessageTarget.m */,
				CD38B5FE21D239FA008FEBAE /* RuntimeTest.h */,
				CD38B5FF21D239FA008FEBAE /* RuntimeTest.m */,
				CD38B60521D23B7E008FEBAE /* Personal.h */,
				CD38B60621D23B7E008FEBAE /* Personal.m */,
				CD38B60821D241A9008FEBAE /* UIImage+KZ_Load.h */,
				CD38B60921D241A9008FEBAE /* UIImage+KZ_Load.m */,
				CD7CD30421E342A700A7FCFD /* UserInfoModel.h */,
				CD7CD30521E342A700A7FCFD /* UserInfoModel.m */,
				CD7CD30D21E43A3D00A7FCFD /* TFBaseModel.h */,
				CD7CD30E21E43A3D00A7FCFD /* TFBaseModel.m */,
			);
			path = Runtime;
			sourceTree = "<group>";
		};
		CD6895F42229613F00AE5169 /* KVO */ = {
			isa = PBXGroup;
			children = (
				CD6895F52229613F00AE5169 /* NSKVONotifying_KVOTest.h */,
				CD6895F62229613F00AE5169 /* KVOTest.m */,
				CD6895F72229613F00AE5169 /* NSKVONotifying_KVOTest.m */,
				CD6895F82229613F00AE5169 /* KVOTest.h */,
			);
			path = KVO;
			sourceTree = "<group>";
		};
		CD6895F92229613F00AE5169 /* Lock */ = {
			isa = PBXGroup;
			children = (
				CD6895FA2229613F00AE5169 /* LockTest.h */,
				CD6895FB2229613F00AE5169 /* LockTest.m */,
			);
			path = Lock;
			sourceTree = "<group>";
		};
		CD6895FC2229613F00AE5169 /* Thread */ = {
			isa = PBXGroup;
			children = (
				CD6895FD2229613F00AE5169 /* Multithreading.h */,
				CD6895FE2229613F00AE5169 /* Multithreading.m */,
			);
			path = Thread;
			sourceTree = "<group>";
		};
		CD82C42521ABA05600B3BAA0 = {
			isa = PBXGroup;
			children = (
				CD82C43021ABA05600B3BAA0 /* Knowledge */,
				CD82C42F21ABA05600B3BAA0 /* Products */,
			);
			sourceTree = "<group>";
		};
		CD82C42F21ABA05600B3BAA0 /* Products */ = {
			isa = PBXGroup;
			children = (
				CD82C42E21ABA05600B3BAA0 /* Knowledge.app */,
			);
			name = Products;
			sourceTree = "<group>";
		};
		CD82C43021ABA05600B3BAA0 /* Knowledge */ = {
			isa = PBXGroup;
			children = (
				CD6895F42229613F00AE5169 /* KVO */,
				CD6895F92229613F00AE5169 /* Lock */,
				CD6895FC2229613F00AE5169 /* Thread */,
				CD38B60421D23AB7008FEBAE /* Runtime */,
				CD82C43121ABA05600B3BAA0 /* AppDelegate.h */,
				CD82C43221ABA05600B3BAA0 /* AppDelegate.m */,
				CD82C43421ABA05600B3BAA0 /* ViewController.h */,
				CD82C43521ABA05600B3BAA0 /* ViewController.m */,
				CD82C43721ABA05600B3BAA0 /* Main.storyboard */,
				CD82C43A21ABA05A00B3BAA0 /* Assets.xcassets */,
				CD82C43C21ABA05A00B3BAA0 /* LaunchScreen.storyboard */,
				CD82C43F21ABA05A00B3BAA0 /* Info.plist */,
				CD82C44721AD186600B3BAA0 /* appName.plist */,
				CD82C44021ABA05A00B3BAA0 /* main.m */,
			);
			path = Knowledge;
			sourceTree = "<group>";
		};
/* End PBXGroup section */

/* Begin PBXNativeTarget section */
		CD82C42D21ABA05600B3BAA0 /* Knowledge */ = {
			isa = PBXNativeTarget;
			buildConfigurationList = CD82C44421ABA05A00B3BAA0 /* Build configuration list for PBXNativeTarget "Knowledge" */;
			buildPhases = (
				CD82C42A21ABA05600B3BAA0 /* Sources */,
				CD82C42B21ABA05600B3BAA0 /* Frameworks */,
				CD82C42C21ABA05600B3BAA0 /* Resources */,
			);
			buildRules = (
			);
			dependencies = (
			);
			name = Knowledge;
			productName = Knowledge;
			productReference = CD82C42E21ABA05600B3BAA0 /* Knowledge.app */;
			productType = "com.apple.product-type.application";
		};
/* End PBXNativeTarget section */

/* Begin PBXProject section */
		CD82C42621ABA05600B3BAA0 /* Project object */ = {
			isa = PBXProject;
			attributes = {
				LastUpgradeCheck = 0940;
				ORGANIZATIONNAME = PPD;
				TargetAttributes = {
					CD82C42D21ABA05600B3BAA0 = {
						CreatedOnToolsVersion = 9.4.1;
					};
				};
			};
			buildConfigurationList = CD82C42921ABA05600B3BAA0 /* Build configuration list for PBXProject "Knowledge" */;
			compatibilityVersion = "Xcode 9.3";
			developmentRegion = en;
			hasScannedForEncodings = 0;
			knownRegions = (
				en,
				Base,
			);
			mainGroup = CD82C42521ABA05600B3BAA0;
			productRefGroup = CD82C42F21ABA05600B3BAA0 /* Products */;
			projectDirPath = "";
			projectRoot = "";
			targets = (
				CD82C42D21ABA05600B3BAA0 /* Knowledge */,
			);
		};
/* End PBXProject section */

/* Begin PBXResourcesBuildPhase section */
		CD82C42C21ABA05600B3BAA0 /* Resources */ = {
			isa = PBXResourcesBuildPhase;
			buildActionMask = 2147483647;
			files = (
				CD82C43E21ABA05A00B3BAA0 /* LaunchScreen.storyboard in Resources */,
				CD82C44821AD186600B3BAA0 /* appName.plist in Resources */,
				CD82C43B21ABA05A00B3BAA0 /* Assets.xcassets in Resources */,
				CD82C43921ABA05600B3BAA0 /* Main.storyboard in Resources */,
			);
			runOnlyForDeploymentPostprocessing = 0;
		};
/* End PBXResourcesBuildPhase section */

/* Begin PBXSourcesBuildPhase section */
		CD82C42A21ABA05600B3BAA0 /* Sources */ = {
			isa = PBXSourcesBuildPhase;
			buildActionMask = 2147483647;
			files = (
				CD6896082229614700AE5169 /* MessageTarget.m in Sources */,
				CD38B60721D23B7E008FEBAE /* Personal.m in Sources */,
				CD6896072229614700AE5169 /* MessageForwarding.m in Sources */,
				CD7CD30621E342A700A7FCFD /* UserInfoModel.m in Sources */,
				CD6896002229613F00AE5169 /* NSKVONotifying_KVOTest.m in Sources */,
				CD6896012229613F00AE5169 /* LockTest.m in Sources */,
				CD6896022229613F00AE5169 /* Multithreading.m in Sources */,
				CD6895FF2229613F00AE5169 /* KVOTest.m in Sources */,
				CD38B60021D239FA008FEBAE /* RuntimeTest.m in Sources */,
				CD7CD30F21E43A3D00A7FCFD /* TFBaseModel.m in Sources */,
				CD82C43621ABA05600B3BAA0 /* ViewController.m in Sources */,
				CD38B60A21D241A9008FEBAE /* UIImage+KZ_Load.m in Sources */,
				CD82C44121ABA05A00B3BAA0 /* main.m in Sources */,
				CD82C43321ABA05600B3BAA0 /* AppDelegate.m in Sources */,
			);
			runOnlyForDeploymentPostprocessing = 0;
		};
/* End PBXSourcesBuildPhase section */

/* Begin PBXVariantGroup section */
		CD82C43721ABA05600B3BAA0 /* Main.storyboard */ = {
			isa = PBXVariantGroup;
			children = (
				CD82C43821ABA05600B3BAA0 /* Base */,
			);
			name = Main.storyboard;
			sourceTree = "<group>";
		};
		CD82C43C21ABA05A00B3BAA0 /* LaunchScreen.storyboard */ = {
			isa = PBXVariantGroup;
			children = (
				CD82C43D21ABA05A00B3BAA0 /* Base */,
			);
			name = LaunchScreen.storyboard;
			sourceTree = "<group>";
		};
/* End PBXVariantGroup section */

/* Begin XCBuildConfiguration section */
		CD82C44221ABA05A00B3BAA0 /* Debug */ = {
			isa = XCBuildConfiguration;
			buildSettings = {
				ALWAYS_SEARCH_USER_PATHS = NO;
				CLANG_ANALYZER_NONNULL = YES;
				CLANG_ANALYZER_NUMBER_OBJECT_CONVERSION = YES_AGGRESSIVE;
				CLANG_CXX_LANGUAGE_STANDARD = "gnu++14";
				CLANG_CXX_LIBRARY = "libc++";
				CLANG_ENABLE_MODULES = YES;
				CLANG_ENABLE_OBJC_ARC = YES;
				CLANG_ENABLE_OBJC_WEAK = YES;
				CLANG_WARN_BLOCK_CAPTURE_AUTORELEASING = YES;
				CLANG_WARN_BOOL_CONVERSION = YES;
				CLANG_WARN_COMMA = YES;
				CLANG_WARN_CONSTANT_CONVERSION = YES;
				CLANG_WARN_DEPRECATED_OBJC_IMPLEMENTATIONS = YES;
				CLANG_WARN_DIRECT_OBJC_ISA_USAGE = YES_ERROR;
				CLANG_WARN_DOCUMENTATION_COMMENTS = YES;
				CLANG_WARN_EMPTY_BODY = YES;
				CLANG_WARN_ENUM_CONVERSION = YES;
				CLANG_WARN_INFINITE_RECURSION = YES;
				CLANG_WARN_INT_CONVERSION = YES;
				CLANG_WARN_NON_LITERAL_NULL_CONVERSION = YES;
				CLANG_WARN_OBJC_IMPLICIT_RETAIN_SELF = YES;
				CLANG_WARN_OBJC_LITERAL_CONVERSION = YES;
				CLANG_WARN_OBJC_ROOT_CLASS = YES_ERROR;
				CLANG_WARN_RANGE_LOOP_ANALYSIS = YES;
				CLANG_WARN_STRICT_PROTOTYPES = YES;
				CLANG_WARN_SUSPICIOUS_MOVE = YES;
				CLANG_WARN_UNGUARDED_AVAILABILITY = YES_AGGRESSIVE;
				CLANG_WARN_UNREACHABLE_CODE = YES;
				CLANG_WARN__DUPLICATE_METHOD_MATCH = YES;
				CODE_SIGN_IDENTITY = "iPhone Developer";
				COPY_PHASE_STRIP = NO;
				DEBUG_INFORMATION_FORMAT = dwarf;
				ENABLE_STRICT_OBJC_MSGSEND = YES;
				ENABLE_TESTABILITY = YES;
				GCC_C_LANGUAGE_STANDARD = gnu11;
				GCC_DYNAMIC_NO_PIC = NO;
				GCC_NO_COMMON_BLOCKS = YES;
				GCC_OPTIMIZATION_LEVEL = 0;
				GCC_PREPROCESSOR_DEFINITIONS = (
					"DEBUG=1",
					"$(inherited)",
				);
				GCC_WARN_64_TO_32_BIT_CONVERSION = YES;
				GCC_WARN_ABOUT_RETURN_TYPE = YES_ERROR;
				GCC_WARN_UNDECLARED_SELECTOR = YES;
				GCC_WARN_UNINITIALIZED_AUTOS = YES_AGGRESSIVE;
				GCC_WARN_UNUSED_FUNCTION = YES;
				GCC_WARN_UNUSED_VARIABLE = YES;
				IPHONEOS_DEPLOYMENT_TARGET = 11.4;
				MTL_ENABLE_DEBUG_INFO = YES;
				ONLY_ACTIVE_ARCH = YES;
				SDKROOT = iphoneos;
			};
			name = Debug;
		};
		CD82C44321ABA05A00B3BAA0 /* Release */ = {
			isa = XCBuildConfiguration;
			buildSettings = {
				ALWAYS_SEARCH_USER_PATHS = NO;
				CLANG_ANALYZER_NONNULL = YES;
				CLANG_ANALYZER_NUMBER_OBJECT_CONVERSION = YES_AGGRESSIVE;
				CLANG_CXX_LANGUAGE_STANDARD = "gnu++14";
				CLANG_CXX_LIBRARY = "libc++";
				CLANG_ENABLE_MODULES = YES;
				CLANG_ENABLE_OBJC_ARC = YES;
				CLANG_ENABLE_OBJC_WEAK = YES;
				CLANG_WARN_BLOCK_CAPTURE_AUTORELEASING = YES;
				CLANG_WARN_BOOL_CONVERSION = YES;
				CLANG_WARN_COMMA = YES;
				CLANG_WARN_CONSTANT_CONVERSION = YES;
				CLANG_WARN_DEPRECATED_OBJC_IMPLEMENTATIONS = YES;
				CLANG_WARN_DIRECT_OBJC_ISA_USAGE = YES_ERROR;
				CLANG_WARN_DOCUMENTATION_COMMENTS = YES;
				CLANG_WARN_EMPTY_BODY = YES;
				CLANG_WARN_ENUM_CONVERSION = YES;
				CLANG_WARN_INFINITE_RECURSION = YES;
				CLANG_WARN_INT_CONVERSION = YES;
				CLANG_WARN_NON_LITERAL_NULL_CONVERSION = YES;
				CLANG_WARN_OBJC_IMPLICIT_RETAIN_SELF = YES;
				CLANG_WARN_OBJC_LITERAL_CONVERSION = YES;
				CLANG_WARN_OBJC_ROOT_CLASS = YES_ERROR;
				CLANG_WARN_RANGE_LOOP_ANALYSIS = YES;
				CLANG_WARN_STRICT_PROTOTYPES = YES;
				CLANG_WARN_SUSPICIOUS_MOVE = YES;
				CLANG_WARN_UNGUARDED_AVAILABILITY = YES_AGGRESSIVE;
				CLANG_WARN_UNREACHABLE_CODE = YES;
				CLANG_WARN__DUPLICATE_METHOD_MATCH = YES;
				CODE_SIGN_IDENTITY = "iPhone Developer";
				COPY_PHASE_STRIP = NO;
				DEBUG_INFORMATION_FORMAT = "dwarf-with-dsym";
				ENABLE_NS_ASSERTIONS = NO;
				ENABLE_STRICT_OBJC_MSGSEND = YES;
				GCC_C_LANGUAGE_STANDARD = gnu11;
				GCC_NO_COMMON_BLOCKS = YES;
				GCC_WARN_64_TO_32_BIT_CONVERSION = YES;
				GCC_WARN_ABOUT_RETURN_TYPE = YES_ERROR;
				GCC_WARN_UNDECLARED_SELECTOR = YES;
				GCC_WARN_UNINITIALIZED_AUTOS = YES_AGGRESSIVE;
				GCC_WARN_UNUSED_FUNCTION = YES;
				GCC_WARN_UNUSED_VARIABLE = YES;
				IPHONEOS_DEPLOYMENT_TARGET = 11.4;
				MTL_ENABLE_DEBUG_INFO = NO;
				SDKROOT = iphoneos;
				VALIDATE_PRODUCT = YES;
			};
			name = Release;
		};
		CD82C44521ABA05A00B3BAA0 /* Debug */ = {
			isa = XCBuildConfiguration;
			buildSettings = {
				ASSETCATALOG_COMPILER_APPICON_NAME = AppIcon;
				CODE_SIGN_STYLE = Manual;
				DEVELOPMENT_TEAM = 9R8U88B3Y5;
				INFOPLIST_FILE = Knowledge/Info.plist;
				IPHONEOS_DEPLOYMENT_TARGET = 12.1;
				LD_RUNPATH_SEARCH_PATHS = (
					"$(inherited)",
					"@executable_path/Frameworks",
				);
				PRODUCT_BUNDLE_IDENTIFIER = com.PPD.Knowledge;
				PRODUCT_NAME = "$(TARGET_NAME)";
				PROVISIONING_PROFILE = "cd9e1d8d-6248-4efd-8612-6ee7813b8779";
				PROVISIONING_PROFILE_SPECIFIER = pluosi_dev;
				TARGETED_DEVICE_FAMILY = "1,2";
			};
			name = Debug;
		};
		CD82C44621ABA05A00B3BAA0 /* Release */ = {
			isa = XCBuildConfiguration;
			buildSettings = {
				ASSETCATALOG_COMPILER_APPICON_NAME = AppIcon;
				CODE_SIGN_STYLE = Manual;
				DEVELOPMENT_TEAM = "";
				INFOPLIST_FILE = Knowledge/Info.plist;
				IPHONEOS_DEPLOYMENT_TARGET = 12.1;
				LD_RUNPATH_SEARCH_PATHS = (
					"$(inherited)",
					"@executable_path/Frameworks",
				);
				PRODUCT_BUNDLE_IDENTIFIER = com.PPD.Knowledge;
				PRODUCT_NAME = "$(TARGET_NAME)";
				PROVISIONING_PROFILE_SPECIFIER = "";
				TARGETED_DEVICE_FAMILY = "1,2";
			};
			name = Release;
		};
/* End XCBuildConfiguration section */

/* Begin XCConfigurationList section */
		CD82C42921ABA05600B3BAA0 /* Build configuration list for PBXProject "Knowledge" */ = {
			isa = XCConfigurationList;
			buildConfigurations = (
				CD82C44221ABA05A00B3BAA0 /* Debug */,
				CD82C44321ABA05A00B3BAA0 /* Release */,
			);
			defaultConfigurationIsVisible = 0;
			defaultConfigurationName = Release;
		};
		CD82C44421ABA05A00B3BAA0 /* Build configuration list for PBXNativeTarget "Knowledge" */ = {
			isa = XCConfigurationList;
			buildConfigurations = (
				CD82C44521ABA05A00B3BAA0 /* Debug */,
				CD82C44621ABA05A00B3BAA0 /* Release */,
			);
			defaultConfigurationIsVisible = 0;
			defaultConfigurationName = Release;
		};
/* End XCConfigurationList section */
	};
	rootObject = CD82C42621ABA05600B3BAA0 /* Project object */;
}
