// !$*UTF8*$!
{
	archiveVersion = 1;
	classes = {
	};
	objectVersion = 50;
	objects = {

/* Begin PBXBuildFile section */
		7CA6470522EF42EF00AA4B86 /* YellowView.m in Sources */ = {isa = PBXBuildFile; fileRef = 7CA646FF22EF42EE00AA4B86 /* YellowView.m */; };
		7CA6470622EF42EF00AA4B86 /* GreenView.m in Sources */ = {isa = PBXBuildFile; fileRef = 7CA6470122EF42EE00AA4B86 /* GreenView.m */; };
		7CA6470722EF42EF00AA4B86 /* BlackView.m in Sources */ = {isa = PBXBuildFile; fileRef = 7CA6470222EF42EE00AA4B86 /* BlackView.m */; };
		7CA6470822EF42EF00AA4B86 /* RedView.m in Sources */ = {isa = PBXBuildFile; fileRef = 7CA6470322EF42EE00AA4B86 /* RedView.m */; };
		7CA6471022F09CA300AA4B86 /* Prototype.m in Sources */ = {isa = PBXBuildFile; fileRef = 7CA6470F22F09CA300AA4B86 /* Prototype.m */; };
		7CA6490122F1E2F000AA4B86 /* Singleton.m in Sources */ = {isa = PBXBuildFile; fileRef = 7CA6490022F1E2F000AA4B86 /* Singleton.m */; };
		7CA6490522F33D6400AA4B86 /* BuildCar.m in Sources */ = {isa = PBXBuildFile; fileRef = 7CA6490422F33D6400AA4B86 /* BuildCar.m */; };
		7CA6490822F33D7700AA4B86 /* Director.m in Sources */ = {isa = PBXBuildFile; fileRef = 7CA6490722F33D7700AA4B86 /* Director.m */; };
		7CA6490B22F3448B00AA4B86 /* BaoMa.m in Sources */ = {isa = PBXBuildFile; fileRef = 7CA6490A22F3448B00AA4B86 /* BaoMa.m */; };
		7CA6490E22F3454400AA4B86 /* Benz.m in Sources */ = {isa = PBXBuildFile; fileRef = 7CA6490D22F3454400AA4B86 /* Benz.m */; };
		7CA6491122F3458700AA4B86 /* BaseCar.m in Sources */ = {isa = PBXBuildFile; fileRef = 7CA6491022F3458700AA4B86 /* BaseCar.m */; };
		7CA6491622F516D500AA4B86 /* CarFactory.m in Sources */ = {isa = PBXBuildFile; fileRef = 7CA6491522F516D500AA4B86 /* CarFactory.m */; };
		7CA6491922F59A0800AA4B86 /* BaoMaFactory.m in Sources */ = {isa = PBXBuildFile; fileRef = 7CA6491822F59A0800AA4B86 /* BaoMaFactory.m */; };
		7CA6491C22F59A2200AA4B86 /* BenzFactory.m in Sources */ = {isa = PBXBuildFile; fileRef = 7CA6491B22F59A2200AA4B86 /* BenzFactory.m */; };
		7CA6491F22F59A7000AA4B86 /* ProductCar.m in Sources */ = {isa = PBXBuildFile; fileRef = 7CA6491E22F59A7000AA4B86 /* ProductCar.m */; };
		7CA6492222F59A8500AA4B86 /* ProductBaoMa.m in Sources */ = {isa = PBXBuildFile; fileRef = 7CA6492122F59A8500AA4B86 /* ProductBaoMa.m */; };
		7CA6492522F59A9700AA4B86 /* ProductBenz.m in Sources */ = {isa = PBXBuildFile; fileRef = 7CA6492422F59A9700AA4B86 /* ProductBenz.m */; };
		7CA6492822F5B8D300AA4B86 /* AbstractFactory.m in Sources */ = {isa = PBXBuildFile; fileRef = 7CA6492722F5B8D300AA4B86 /* AbstractFactory.m */; };
		7CA6492E22F5BB8600AA4B86 /* AbIntegerFactory.m in Sources */ = {isa = PBXBuildFile; fileRef = 7CA6492D22F5BB8600AA4B86 /* AbIntegerFactory.m */; };
		7CA6493122F5BB9C00AA4B86 /* AbFloatFactory.m in Sources */ = {isa = PBXBuildFile; fileRef = 7CA6493022F5BB9C00AA4B86 /* AbFloatFactory.m */; };
		7CA6493422F5BBB100AA4B86 /* AbLongFactory.m in Sources */ = {isa = PBXBuildFile; fileRef = 7CA6493322F5BBB100AA4B86 /* AbLongFactory.m */; };
		7CA6493A22F5BCF800AA4B86 /* KInteger.m in Sources */ = {isa = PBXBuildFile; fileRef = 7CA6493922F5BCF800AA4B86 /* KInteger.m */; };
		7CA6493D22F5BD0400AA4B86 /* KFloat.m in Sources */ = {isa = PBXBuildFile; fileRef = 7CA6493C22F5BD0400AA4B86 /* KFloat.m */; };
		7CA6494022F5BD1000AA4B86 /* KLong.m in Sources */ = {isa = PBXBuildFile; fileRef = 7CA6493F22F5BD1000AA4B86 /* KLong.m */; };
		7CA6494422F5DCE800AA4B86 /* KNumber.m in Sources */ = {isa = PBXBuildFile; fileRef = 7CA6494322F5DCE800AA4B86 /* KNumber.m */; };
		7CDC9289222ACD1F004F7E31 /* BlockTest.m in Sources */ = {isa = PBXBuildFile; fileRef = 7CDC9288222ACD1F004F7E31 /* BlockTest.m */; settings = {COMPILER_FLAGS = "-fno-objc-arc"; }; };
		B92DD9E7277990360A3A1ED8 /* libPods-Knowledge.a in Frameworks */ = {isa = PBXBuildFile; fileRef = 8AA26C40D37BD1D67D9391CB /* libPods-Knowledge.a */; };
		CD38B60021D239FA008FEBAE /* RuntimeTest.m in Sources */ = {isa = PBXBuildFile; fileRef = CD38B5FF21D239FA008FEBAE /* RuntimeTest.m */; };
		CD38B60721D23B7E008FEBAE /* Personal.m in Sources */ = {isa = PBXBuildFile; fileRef = CD38B60621D23B7E008FEBAE /* Personal.m */; };
		CD38B60A21D241A9008FEBAE /* UIImage+KZ_Load.m in Sources */ = {isa = PBXBuildFile; fileRef = CD38B60921D241A9008FEBAE /* UIImage+KZ_Load.m */; };
		CD6895FF2229613F00AE5169 /* KVOTest.m in Sources */ = {isa = PBXBuildFile; fileRef = CD6895F62229613F00AE5169 /* KVOTest.m */; };
		CD6896002229613F00AE5169 /* NSKVONotifying_KVOTest.m in Sources */ = {isa = PBXBuildFile; fileRef = CD6895F72229613F00AE5169 /* NSKVONotifying_KVOTest.m */; };
		CD6896012229613F00AE5169 /* LockTest.m in Sources */ = {isa = PBXBuildFile; fileRef = CD6895FB2229613F00AE5169 /* LockTest.m */; };
		CD6896022229613F00AE5169 /* Multithreading.m in Sources */ = {isa = PBXBuildFile; fileRef = CD6895FE2229613F00AE5169 /* Multithreading.m */; };
		CD6896072229614700AE5169 /* MessageForwarding.m in Sources */ = {isa = PBXBuildFile; fileRef = CD6896032229614700AE5169 /* MessageForwarding.m */; };
		CD6896082229614700AE5169 /* MessageTarget.m in Sources */ = {isa = PBXBuildFile; fileRef = CD6896052229614700AE5169 /* MessageTarget.m */; };
		CD7CD30621E342A700A7FCFD /* UserInfoModel.m in Sources */ = {isa = PBXBuildFile; fileRef = CD7CD30521E342A700A7FCFD /* UserInfoModel.m */; };
		CD7CD30F21E43A3D00A7FCFD /* TFBaseModel.m in Sources */ = {isa = PBXBuildFile; fileRef = CD7CD30E21E43A3D00A7FCFD /* TFBaseModel.m */; };
		CD82C43321ABA05600B3BAA0 /* AppDelegate.m in Sources */ = {isa = PBXBuildFile; fileRef = CD82C43221ABA05600B3BAA0 /* AppDelegate.m */; };
		CD82C43621ABA05600B3BAA0 /* ViewController.m in Sources */ = {isa = PBXBuildFile; fileRef = CD82C43521ABA05600B3BAA0 /* ViewController.m */; };
		CD82C43921ABA05600B3BAA0 /* Main.storyboard in Resources */ = {isa = PBXBuildFile; fileRef = CD82C43721ABA05600B3BAA0 /* Main.storyboard */; };
		CD82C43B21ABA05A00B3BAA0 /* Assets.xcassets in Resources */ = {isa = PBXBuildFile; fileRef = CD82C43A21ABA05A00B3BAA0 /* Assets.xcassets */; };
		CD82C43E21ABA05A00B3BAA0 /* LaunchScreen.storyboard in Resources */ = {isa = PBXBuildFile; fileRef = CD82C43C21ABA05A00B3BAA0 /* LaunchScreen.storyboard */; };
		CD82C44121ABA05A00B3BAA0 /* main.m in Sources */ = {isa = PBXBuildFile; fileRef = CD82C44021ABA05A00B3BAA0 /* main.m */; };
		CD82C44821AD186600B3BAA0 /* appName.plist in Resources */ = {isa = PBXBuildFile; fileRef = CD82C44721AD186600B3BAA0 /* appName.plist */; };
/* End PBXBuildFile section */

/* Begin PBXFileReference section */
		7CA646FD22EF42EE00AA4B86 /* RedView.h */ = {isa = PBXFileReference; fileEncoding = 4; lastKnownFileType = sourcecode.c.h; path = RedView.h; sourceTree = "<group>"; };
		7CA646FE22EF42EE00AA4B86 /* BlackView.h */ = {isa = PBXFileReference; fileEncoding = 4; lastKnownFileType = sourcecode.c.h; path = BlackView.h; sourceTree = "<group>"; };
		7CA646FF22EF42EE00AA4B86 /* YellowView.m */ = {isa = PBXFileReference; fileEncoding = 4; lastKnownFileType = sourcecode.c.objc; path = YellowView.m; sourceTree = "<group>"; };
		7CA6470022EF42EE00AA4B86 /* GreenView.h */ = {isa = PBXFileReference; fileEncoding = 4; lastKnownFileType = sourcecode.c.h; path = GreenView.h; sourceTree = "<group>"; };
		7CA6470122EF42EE00AA4B86 /* GreenView.m */ = {isa = PBXFileReference; fileEncoding = 4; lastKnownFileType = sourcecode.c.objc; path = GreenView.m; sourceTree = "<group>"; };
		7CA6470222EF42EE00AA4B86 /* BlackView.m */ = {isa = PBXFileReference; fileEncoding = 4; lastKnownFileType = sourcecode.c.objc; path = BlackView.m; sourceTree = "<group>"; };
		7CA6470322EF42EE00AA4B86 /* RedView.m */ = {isa = PBXFileReference; fileEncoding = 4; lastKnownFileType = sourcecode.c.objc; path = RedView.m; sourceTree = "<group>"; };
		7CA6470422EF42EF00AA4B86 /* YellowView.h */ = {isa = PBXFileReference; fileEncoding = 4; lastKnownFileType = sourcecode.c.h; path = YellowView.h; sourceTree = "<group>"; };
		7CA6470E22F09CA300AA4B86 /* Prototype.h */ = {isa = PBXFileReference; lastKnownFileType = sourcecode.c.h; path = Prototype.h; sourceTree = "<group>"; };
		7CA6470F22F09CA300AA4B86 /* Prototype.m */ = {isa = PBXFileReference; lastKnownFileType = sourcecode.c.objc; path = Prototype.m; sourceTree = "<group>"; };
		7CA648FF22F1E2F000AA4B86 /* Singleton.h */ = {isa = PBXFileReference; lastKnownFileType = sourcecode.c.h; path = Singleton.h; sourceTree = "<group>"; };
		7CA6490022F1E2F000AA4B86 /* Singleton.m */ = {isa = PBXFileReference; lastKnownFileType = sourcecode.c.objc; path = Singleton.m; sourceTree = "<group>"; };
		7CA6490322F33D6400AA4B86 /* BuildCar.h */ = {isa = PBXFileReference; lastKnownFileType = sourcecode.c.h; path = BuildCar.h; sourceTree = "<group>"; };
		7CA6490422F33D6400AA4B86 /* BuildCar.m */ = {isa = PBXFileReference; lastKnownFileType = sourcecode.c.objc; path = BuildCar.m; sourceTree = "<group>"; };
		7CA6490622F33D7700AA4B86 /* Director.h */ = {isa = PBXFileReference; lastKnownFileType = sourcecode.c.h; path = Director.h; sourceTree = "<group>"; };
		7CA6490722F33D7700AA4B86 /* Director.m */ = {isa = PBXFileReference; lastKnownFileType = sourcecode.c.objc; path = Director.m; sourceTree = "<group>"; };
		7CA6490922F3448B00AA4B86 /* BaoMa.h */ = {isa = PBXFileReference; lastKnownFileType = sourcecode.c.h; path = BaoMa.h; sourceTree = "<group>"; };
		7CA6490A22F3448B00AA4B86 /* BaoMa.m */ = {isa = PBXFileReference; lastKnownFileType = sourcecode.c.objc; path = BaoMa.m; sourceTree = "<group>"; };
		7CA6490C22F3454400AA4B86 /* Benz.h */ = {isa = PBXFileReference; lastKnownFileType = sourcecode.c.h; path = Benz.h; sourceTree = "<group>"; };
		7CA6490D22F3454400AA4B86 /* Benz.m */ = {isa = PBXFileReference; lastKnownFileType = sourcecode.c.objc; path = Benz.m; sourceTree = "<group>"; };
		7CA6490F22F3458700AA4B86 /* BaseCar.h */ = {isa = PBXFileReference; lastKnownFileType = sourcecode.c.h; path = BaseCar.h; sourceTree = "<group>"; };
		7CA6491022F3458700AA4B86 /* BaseCar.m */ = {isa = PBXFileReference; lastKnownFileType = sourcecode.c.objc; path = BaseCar.m; sourceTree = "<group>"; };
		7CA6491422F516D500AA4B86 /* CarFactory.h */ = {isa = PBXFileReference; lastKnownFileType = sourcecode.c.h; path = CarFactory.h; sourceTree = "<group>"; };
		7CA6491522F516D500AA4B86 /* CarFactory.m */ = {isa = PBXFileReference; lastKnownFileType = sourcecode.c.objc; path = CarFactory.m; sourceTree = "<group>"; };
		7CA6491722F59A0800AA4B86 /* BaoMaFactory.h */ = {isa = PBXFileReference; lastKnownFileType = sourcecode.c.h; path = BaoMaFactory.h; sourceTree = "<group>"; };
		7CA6491822F59A0800AA4B86 /* BaoMaFactory.m */ = {isa = PBXFileReference; lastKnownFileType = sourcecode.c.objc; path = BaoMaFactory.m; sourceTree = "<group>"; };
		7CA6491A22F59A2200AA4B86 /* BenzFactory.h */ = {isa = PBXFileReference; lastKnownFileType = sourcecode.c.h; path = BenzFactory.h; sourceTree = "<group>"; };
		7CA6491B22F59A2200AA4B86 /* BenzFactory.m */ = {isa = PBXFileReference; lastKnownFileType = sourcecode.c.objc; path = BenzFactory.m; sourceTree = "<group>"; };
		7CA6491D22F59A7000AA4B86 /* ProductCar.h */ = {isa = PBXFileReference; lastKnownFileType = sourcecode.c.h; path = ProductCar.h; sourceTree = "<group>"; };
		7CA6491E22F59A7000AA4B86 /* ProductCar.m */ = {isa = PBXFileReference; lastKnownFileType = sourcecode.c.objc; path = ProductCar.m; sourceTree = "<group>"; };
		7CA6492022F59A8500AA4B86 /* ProductBaoMa.h */ = {isa = PBXFileReference; lastKnownFileType = sourcecode.c.h; path = ProductBaoMa.h; sourceTree = "<group>"; };
		7CA6492122F59A8500AA4B86 /* ProductBaoMa.m */ = {isa = PBXFileReference; lastKnownFileType = sourcecode.c.objc; path = ProductBaoMa.m; sourceTree = "<group>"; };
		7CA6492322F59A9700AA4B86 /* ProductBenz.h */ = {isa = PBXFileReference; lastKnownFileType = sourcecode.c.h; path = ProductBenz.h; sourceTree = "<group>"; };
		7CA6492422F59A9700AA4B86 /* ProductBenz.m */ = {isa = PBXFileReference; lastKnownFileType = sourcecode.c.objc; path = ProductBenz.m; sourceTree = "<group>"; };
		7CA6492622F5B8D300AA4B86 /* AbstractFactory.h */ = {isa = PBXFileReference; lastKnownFileType = sourcecode.c.h; path = AbstractFactory.h; sourceTree = "<group>"; };
		7CA6492722F5B8D300AA4B86 /* AbstractFactory.m */ = {isa = PBXFileReference; lastKnownFileType = sourcecode.c.objc; path = AbstractFactory.m; sourceTree = "<group>"; };
		7CA6492C22F5BB8600AA4B86 /* AbIntegerFactory.h */ = {isa = PBXFileReference; lastKnownFileType = sourcecode.c.h; path = AbIntegerFactory.h; sourceTree = "<group>"; };
		7CA6492D22F5BB8600AA4B86 /* AbIntegerFactory.m */ = {isa = PBXFileReference; lastKnownFileType = sourcecode.c.objc; path = AbIntegerFactory.m; sourceTree = "<group>"; };
		7CA6492F22F5BB9C00AA4B86 /* AbFloatFactory.h */ = {isa = PBXFileReference; lastKnownFileType = sourcecode.c.h; path = AbFloatFactory.h; sourceTree = "<group>"; };
		7CA6493022F5BB9C00AA4B86 /* AbFloatFactory.m */ = {isa = PBXFileReference; lastKnownFileType = sourcecode.c.objc; path = AbFloatFactory.m; sourceTree = "<group>"; };
		7CA6493222F5BBB100AA4B86 /* AbLongFactory.h */ = {isa = PBXFileReference; lastKnownFileType = sourcecode.c.h; path = AbLongFactory.h; sourceTree = "<group>"; };
		7CA6493322F5BBB100AA4B86 /* AbLongFactory.m */ = {isa = PBXFileReference; lastKnownFileType = sourcecode.c.objc; path = AbLongFactory.m; sourceTree = "<group>"; };
		7CA6493822F5BCF800AA4B86 /* KInteger.h */ = {isa = PBXFileReference; lastKnownFileType = sourcecode.c.h; path = KInteger.h; sourceTree = "<group>"; };
		7CA6493922F5BCF800AA4B86 /* KInteger.m */ = {isa = PBXFileReference; lastKnownFileType = sourcecode.c.objc; path = KInteger.m; sourceTree = "<group>"; };
		7CA6493B22F5BD0400AA4B86 /* KFloat.h */ = {isa = PBXFileReference; lastKnownFileType = sourcecode.c.h; path = KFloat.h; sourceTree = "<group>"; };
		7CA6493C22F5BD0400AA4B86 /* KFloat.m */ = {isa = PBXFileReference; lastKnownFileType = sourcecode.c.objc; path = KFloat.m; sourceTree = "<group>"; };
		7CA6493E22F5BD1000AA4B86 /* KLong.h */ = {isa = PBXFileReference; lastKnownFileType = sourcecode.c.h; path = KLong.h; sourceTree = "<group>"; };
		7CA6493F22F5BD1000AA4B86 /* KLong.m */ = {isa = PBXFileReference; lastKnownFileType = sourcecode.c.objc; path = KLong.m; sourceTree = "<group>"; };
		7CA6494222F5DCE800AA4B86 /* KNumber.h */ = {isa = PBXFileReference; lastKnownFileType = sourcecode.c.h; path = KNumber.h; sourceTree = "<group>"; };
		7CA6494322F5DCE800AA4B86 /* KNumber.m */ = {isa = PBXFileReference; lastKnownFileType = sourcecode.c.objc; path = KNumber.m; sourceTree = "<group>"; };
		7CDC9287222ACD1F004F7E31 /* BlockTest.h */ = {isa = PBXFileReference; lastKnownFileType = sourcecode.c.h; path = BlockTest.h; sourceTree = "<group>"; };
		7CDC9288222ACD1F004F7E31 /* BlockTest.m */ = {isa = PBXFileReference; lastKnownFileType = sourcecode.c.objc; path = BlockTest.m; sourceTree = "<group>"; };
		8AA26C40D37BD1D67D9391CB /* libPods-Knowledge.a */ = {isa = PBXFileReference; explicitFileType = archive.ar; includeInIndex = 0; path = "libPods-Knowledge.a"; sourceTree = BUILT_PRODUCTS_DIR; };
		CD38B5FE21D239FA008FEBAE /* RuntimeTest.h */ = {isa = PBXFileReference; lastKnownFileType = sourcecode.c.h; path = RuntimeTest.h; sourceTree = "<group>"; };
		CD38B5FF21D239FA008FEBAE /* RuntimeTest.m */ = {isa = PBXFileReference; lastKnownFileType = sourcecode.c.objc; path = RuntimeTest.m; sourceTree = "<group>"; };
		CD38B60521D23B7E008FEBAE /* Personal.h */ = {isa = PBXFileReference; lastKnownFileType = sourcecode.c.h; path = Personal.h; sourceTree = "<group>"; };
		CD38B60621D23B7E008FEBAE /* Personal.m */ = {isa = PBXFileReference; lastKnownFileType = sourcecode.c.objc; path = Personal.m; sourceTree = "<group>"; };
		CD38B60821D241A9008FEBAE /* UIImage+KZ_Load.h */ = {isa = PBXFileReference; lastKnownFileType = sourcecode.c.h; path = "UIImage+KZ_Load.h"; sourceTree = "<group>"; };
		CD38B60921D241A9008FEBAE /* UIImage+KZ_Load.m */ = {isa = PBXFileReference; lastKnownFileType = sourcecode.c.objc; path = "UIImage+KZ_Load.m"; sourceTree = "<group>"; };
		CD6895F52229613F00AE5169 /* NSKVONotifying_KVOTest.h */ = {isa = PBXFileReference; fileEncoding = 4; lastKnownFileType = sourcecode.c.h; path = NSKVONotifying_KVOTest.h; sourceTree = "<group>"; };
		CD6895F62229613F00AE5169 /* KVOTest.m */ = {isa = PBXFileReference; fileEncoding = 4; lastKnownFileType = sourcecode.c.objc; path = KVOTest.m; sourceTree = "<group>"; };
		CD6895F72229613F00AE5169 /* NSKVONotifying_KVOTest.m */ = {isa = PBXFileReference; fileEncoding = 4; lastKnownFileType = sourcecode.c.objc; path = NSKVONotifying_KVOTest.m; sourceTree = "<group>"; };
		CD6895F82229613F00AE5169 /* KVOTest.h */ = {isa = PBXFileReference; fileEncoding = 4; lastKnownFileType = sourcecode.c.h; path = KVOTest.h; sourceTree = "<group>"; };
		CD6895FA2229613F00AE5169 /* LockTest.h */ = {isa = PBXFileReference; fileEncoding = 4; lastKnownFileType = sourcecode.c.h; path = LockTest.h; sourceTree = "<group>"; };
		CD6895FB2229613F00AE5169 /* LockTest.m */ = {isa = PBXFileReference; fileEncoding = 4; lastKnownFileType = sourcecode.c.objc; path = LockTest.m; sourceTree = "<group>"; };
		CD6895FD2229613F00AE5169 /* Multithreading.h */ = {isa = PBXFileReference; fileEncoding = 4; lastKnownFileType = sourcecode.c.h; path = Multithreading.h; sourceTree = "<group>"; };
		CD6895FE2229613F00AE5169 /* Multithreading.m */ = {isa = PBXFileReference; fileEncoding = 4; lastKnownFileType = sourcecode.c.objc; path = Multithreading.m; sourceTree = "<group>"; };
		CD6896032229614700AE5169 /* MessageForwarding.m */ = {isa = PBXFileReference; fileEncoding = 4; lastKnownFileType = sourcecode.c.objc; path = MessageForwarding.m; sourceTree = "<group>"; };
		CD6896042229614700AE5169 /* MessageForwarding.h */ = {isa = PBXFileReference; fileEncoding = 4; lastKnownFileType = sourcecode.c.h; path = MessageForwarding.h; sourceTree = "<group>"; };
		CD6896052229614700AE5169 /* MessageTarget.m */ = {isa = PBXFileReference; fileEncoding = 4; lastKnownFileType = sourcecode.c.objc; path = MessageTarget.m; sourceTree = "<group>"; };
		CD6896062229614700AE5169 /* MessageTarget.h */ = {isa = PBXFileReference; fileEncoding = 4; lastKnownFileType = sourcecode.c.h; path = MessageTarget.h; sourceTree = "<group>"; };
		CD7CD30421E342A700A7FCFD /* UserInfoModel.h */ = {isa = PBXFileReference; lastKnownFileType = sourcecode.c.h; path = UserInfoModel.h; sourceTree = "<group>"; };
		CD7CD30521E342A700A7FCFD /* UserInfoModel.m */ = {isa = PBXFileReference; lastKnownFileType = sourcecode.c.objc; path = UserInfoModel.m; sourceTree = "<group>"; };
		CD7CD30D21E43A3D00A7FCFD /* TFBaseModel.h */ = {isa = PBXFileReference; lastKnownFileType = sourcecode.c.h; path = TFBaseModel.h; sourceTree = "<group>"; };
		CD7CD30E21E43A3D00A7FCFD /* TFBaseModel.m */ = {isa = PBXFileReference; lastKnownFileType = sourcecode.c.objc; path = TFBaseModel.m; sourceTree = "<group>"; };
		CD82C42E21ABA05600B3BAA0 /* Knowledge.app */ = {isa = PBXFileReference; explicitFileType = wrapper.application; includeInIndex = 0; path = Knowledge.app; sourceTree = BUILT_PRODUCTS_DIR; };
		CD82C43121ABA05600B3BAA0 /* AppDelegate.h */ = {isa = PBXFileReference; lastKnownFileType = sourcecode.c.h; path = AppDelegate.h; sourceTree = "<group>"; };
		CD82C43221ABA05600B3BAA0 /* AppDelegate.m */ = {isa = PBXFileReference; lastKnownFileType = sourcecode.c.objc; path = AppDelegate.m; sourceTree = "<group>"; };
		CD82C43421ABA05600B3BAA0 /* ViewController.h */ = {isa = PBXFileReference; lastKnownFileType = sourcecode.c.h; path = ViewController.h; sourceTree = "<group>"; };
		CD82C43521ABA05600B3BAA0 /* ViewController.m */ = {isa = PBXFileReference; lastKnownFileType = sourcecode.c.objc; path = ViewController.m; sourceTree = "<group>"; };
		CD82C43821ABA05600B3BAA0 /* Base */ = {isa = PBXFileReference; lastKnownFileType = file.storyboard; name = Base; path = Base.lproj/Main.storyboard; sourceTree = "<group>"; };
		CD82C43A21ABA05A00B3BAA0 /* Assets.xcassets */ = {isa = PBXFileReference; lastKnownFileType = folder.assetcatalog; path = Assets.xcassets; sourceTree = "<group>"; };
		CD82C43D21ABA05A00B3BAA0 /* Base */ = {isa = PBXFileReference; lastKnownFileType = file.storyboard; name = Base; path = Base.lproj/LaunchScreen.storyboard; sourceTree = "<group>"; };
		CD82C43F21ABA05A00B3BAA0 /* Info.plist */ = {isa = PBXFileReference; lastKnownFileType = text.plist.xml; path = Info.plist; sourceTree = "<group>"; };
		CD82C44021ABA05A00B3BAA0 /* main.m */ = {isa = PBXFileReference; lastKnownFileType = sourcecode.c.objc; path = main.m; sourceTree = "<group>"; };
		CD82C44721AD186600B3BAA0 /* appName.plist */ = {isa = PBXFileReference; lastKnownFileType = text.plist.xml; path = appName.plist; sourceTree = "<group>"; };
		CE4D5E2A6D7AE46EFEA0D0D1 /* Pods-Knowledge.debug.xcconfig */ = {isa = PBXFileReference; includeInIndex = 1; lastKnownFileType = text.xcconfig; name = "Pods-Knowledge.debug.xcconfig"; path = "Pods/Target Support Files/Pods-Knowledge/Pods-Knowledge.debug.xcconfig"; sourceTree = "<group>"; };
		EECC7103DE9C8B113A6174F9 /* Pods-Knowledge.release.xcconfig */ = {isa = PBXFileReference; includeInIndex = 1; lastKnownFileType = text.xcconfig; name = "Pods-Knowledge.release.xcconfig"; path = "Pods/Target Support Files/Pods-Knowledge/Pods-Knowledge.release.xcconfig"; sourceTree = "<group>"; };
/* End PBXFileReference section */

/* Begin PBXFrameworksBuildPhase section */
		CD82C42B21ABA05600B3BAA0 /* Frameworks */ = {
			isa = PBXFrameworksBuildPhase;
			buildActionMask = 2147483647;
			files = (
				B92DD9E7277990360A3A1ED8 /* libPods-Knowledge.a in Frameworks */,
			);
			runOnlyForDeploymentPostprocessing = 0;
		};
/* End PBXFrameworksBuildPhase section */

/* Begin PBXGroup section */
		197CE2174BD3523AC0882D80 /* Frameworks */ = {
			isa = PBXGroup;
			children = (
				8AA26C40D37BD1D67D9391CB /* libPods-Knowledge.a */,
			);
			name = Frameworks;
			sourceTree = "<group>";
		};
		7CA646FC22EF428B00AA4B86 /* Events */ = {
			isa = PBXGroup;
			children = (
				7CA646FE22EF42EE00AA4B86 /* BlackView.h */,
				7CA6470222EF42EE00AA4B86 /* BlackView.m */,
				7CA6470022EF42EE00AA4B86 /* GreenView.h */,
				7CA6470122EF42EE00AA4B86 /* GreenView.m */,
				7CA646FD22EF42EE00AA4B86 /* RedView.h */,
				7CA6470322EF42EE00AA4B86 /* RedView.m */,
				7CA6470422EF42EF00AA4B86 /* YellowView.h */,
				7CA646FF22EF42EE00AA4B86 /* YellowView.m */,
			);
			path = Events;
			sourceTree = "<group>";
		};
		7CA6470922EF445F00AA4B86 /* Algorithm */ = {
			isa = PBXGroup;
			children = (
			);
			path = Algorithm;
			sourceTree = "<group>";
		};
		7CA6470A22EF44A900AA4B86 /* DesignPattern */ = {
			isa = PBXGroup;
			children = (
				7CA6470C22F09C3D00AA4B86 /* Creater */,
			);
			path = DesignPattern;
			sourceTree = "<group>";
		};
		7CA6470C22F09C3D00AA4B86 /* Creater */ = {
			isa = PBXGroup;
			children = (
				7CA6491322F4889A00AA4B86 /* AbstractFactory */,
				7CA6491222F4888D00AA4B86 /* Factory */,
				7CA6490222F33A5100AA4B86 /* Builder */,
				7CA648FE22F1E2AD00AA4B86 /* Singleton */,
				7CA6470D22F09C4900AA4B86 /* Propotype */,
			);
			path = Creater;
			sourceTree = "<group>";
		};
		7CA6470D22F09C4900AA4B86 /* Propotype */ = {
			isa = PBXGroup;
			children = (
				7CA6470E22F09CA300AA4B86 /* Prototype.h */,
				7CA6470F22F09CA300AA4B86 /* Prototype.m */,
			);
			path = Propotype;
			sourceTree = "<group>";
		};
		7CA648FE22F1E2AD00AA4B86 /* Singleton */ = {
			isa = PBXGroup;
			children = (
				7CA648FF22F1E2F000AA4B86 /* Singleton.h */,
				7CA6490022F1E2F000AA4B86 /* Singleton.m */,
			);
			path = Singleton;
			sourceTree = "<group>";
		};
		7CA6490222F33A5100AA4B86 /* Builder */ = {
			isa = PBXGroup;
			children = (
				7CA6490F22F3458700AA4B86 /* BaseCar.h */,
				7CA6491022F3458700AA4B86 /* BaseCar.m */,
				7CA6490922F3448B00AA4B86 /* BaoMa.h */,
				7CA6490A22F3448B00AA4B86 /* BaoMa.m */,
				7CA6490C22F3454400AA4B86 /* Benz.h */,
				7CA6490D22F3454400AA4B86 /* Benz.m */,
				7CA6490322F33D6400AA4B86 /* BuildCar.h */,
				7CA6490422F33D6400AA4B86 /* BuildCar.m */,
				7CA6490622F33D7700AA4B86 /* Director.h */,
				7CA6490722F33D7700AA4B86 /* Director.m */,
			);
			path = Builder;
			sourceTree = "<group>";
		};
		7CA6491222F4888D00AA4B86 /* Factory */ = {
			isa = PBXGroup;
			children = (
				7CA6491422F516D500AA4B86 /* CarFactory.h */,
				7CA6491522F516D500AA4B86 /* CarFactory.m */,
				7CA6491722F59A0800AA4B86 /* BaoMaFactory.h */,
				7CA6491822F59A0800AA4B86 /* BaoMaFactory.m */,
				7CA6491A22F59A2200AA4B86 /* BenzFactory.h */,
				7CA6491B22F59A2200AA4B86 /* BenzFactory.m */,
				7CA6491D22F59A7000AA4B86 /* ProductCar.h */,
				7CA6491E22F59A7000AA4B86 /* ProductCar.m */,
				7CA6492022F59A8500AA4B86 /* ProductBaoMa.h */,
				7CA6492122F59A8500AA4B86 /* ProductBaoMa.m */,
				7CA6492322F59A9700AA4B86 /* ProductBenz.h */,
				7CA6492422F59A9700AA4B86 /* ProductBenz.m */,
			);
			path = Factory;
			sourceTree = "<group>";
		};
		7CA6491322F4889A00AA4B86 /* AbstractFactory */ = {
			isa = PBXGroup;
			children = (
				7CA6492622F5B8D300AA4B86 /* AbstractFactory.h */,
				7CA6492722F5B8D300AA4B86 /* AbstractFactory.m */,
				7CA6492C22F5BB8600AA4B86 /* AbIntegerFactory.h */,
				7CA6492D22F5BB8600AA4B86 /* AbIntegerFactory.m */,
				7CA6492F22F5BB9C00AA4B86 /* AbFloatFactory.h */,
				7CA6493022F5BB9C00AA4B86 /* AbFloatFactory.m */,
				7CA6493222F5BBB100AA4B86 /* AbLongFactory.h */,
				7CA6493322F5BBB100AA4B86 /* AbLongFactory.m */,
				7CA6494222F5DCE800AA4B86 /* KNumber.h */,
				7CA6494322F5DCE800AA4B86 /* KNumber.m */,
				7CA6493822F5BCF800AA4B86 /* KInteger.h */,
				7CA6493922F5BCF800AA4B86 /* KInteger.m */,
				7CA6493B22F5BD0400AA4B86 /* KFloat.h */,
				7CA6493C22F5BD0400AA4B86 /* KFloat.m */,
				7CA6493E22F5BD1000AA4B86 /* KLong.h */,
				7CA6493F22F5BD1000AA4B86 /* KLong.m */,
			);
			path = AbstractFactory;
			sourceTree = "<group>";
		};
		7CDC9286222ACD10004F7E31 /* Block */ = {
			isa = PBXGroup;
			children = (
				7CDC9287222ACD1F004F7E31 /* BlockTest.h */,
				7CDC9288222ACD1F004F7E31 /* BlockTest.m */,
			);
			path = Block;
			sourceTree = "<group>";
		};
		CD38B60421D23AB7008FEBAE /* Runtime */ = {
			isa = PBXGroup;
			children = (
				CD6896042229614700AE5169 /* MessageForwarding.h */,
				CD6896032229614700AE5169 /* MessageForwarding.m */,
				CD6896062229614700AE5169 /* MessageTarget.h */,
				CD6896052229614700AE5169 /* MessageTarget.m */,
				CD38B5FE21D239FA008FEBAE /* RuntimeTest.h */,
				CD38B5FF21D239FA008FEBAE /* RuntimeTest.m */,
				CD38B60521D23B7E008FEBAE /* Personal.h */,
				CD38B60621D23B7E008FEBAE /* Personal.m */,
				CD38B60821D241A9008FEBAE /* UIImage+KZ_Load.h */,
				CD38B60921D241A9008FEBAE /* UIImage+KZ_Load.m */,
				CD7CD30421E342A700A7FCFD /* UserInfoModel.h */,
				CD7CD30521E342A700A7FCFD /* UserInfoModel.m */,
				CD7CD30D21E43A3D00A7FCFD /* TFBaseModel.h */,
				CD7CD30E21E43A3D00A7FCFD /* TFBaseModel.m */,
			);
			path = Runtime;
			sourceTree = "<group>";
		};
		CD6895F42229613F00AE5169 /* KVO */ = {
			isa = PBXGroup;
			children = (
				CD6895F52229613F00AE5169 /* NSKVONotifying_KVOTest.h */,
				CD6895F62229613F00AE5169 /* KVOTest.m */,
				CD6895F72229613F00AE5169 /* NSKVONotifying_KVOTest.m */,
				CD6895F82229613F00AE5169 /* KVOTest.h */,
			);
			path = KVO;
			sourceTree = "<group>";
		};
		CD6895F92229613F00AE5169 /* Lock */ = {
			isa = PBXGroup;
			children = (
				CD6895FA2229613F00AE5169 /* LockTest.h */,
				CD6895FB2229613F00AE5169 /* LockTest.m */,
			);
			path = Lock;
			sourceTree = "<group>";
		};
		CD6895FC2229613F00AE5169 /* Thread */ = {
			isa = PBXGroup;
			children = (
				CD6895FD2229613F00AE5169 /* Multithreading.h */,
				CD6895FE2229613F00AE5169 /* Multithreading.m */,
			);
			path = Thread;
			sourceTree = "<group>";
		};
		CD82C42521ABA05600B3BAA0 = {
			isa = PBXGroup;
			children = (
				CD82C43021ABA05600B3BAA0 /* Knowledge */,
				CD82C42F21ABA05600B3BAA0 /* Products */,
				DC0CB9085640D0E2735C58CD /* Pods */,
				197CE2174BD3523AC0882D80 /* Frameworks */,
			);
			sourceTree = "<group>";
		};
		CD82C42F21ABA05600B3BAA0 /* Products */ = {
			isa = PBXGroup;
			children = (
				CD82C42E21ABA05600B3BAA0 /* Knowledge.app */,
			);
			name = Products;
			sourceTree = "<group>";
		};
		CD82C43021ABA05600B3BAA0 /* Knowledge */ = {
			isa = PBXGroup;
			children = (
				7CA6470A22EF44A900AA4B86 /* DesignPattern */,
				7CA6470922EF445F00AA4B86 /* Algorithm */,
				7CA646FC22EF428B00AA4B86 /* Events */,
				7CDC9286222ACD10004F7E31 /* Block */,
				CD6895F42229613F00AE5169 /* KVO */,
				CD6895F92229613F00AE5169 /* Lock */,
				CD6895FC2229613F00AE5169 /* Thread */,
				CD38B60421D23AB7008FEBAE /* Runtime */,
				CD82C43121ABA05600B3BAA0 /* AppDelegate.h */,
				CD82C43221ABA05600B3BAA0 /* AppDelegate.m */,
				CD82C43421ABA05600B3BAA0 /* ViewController.h */,
				CD82C43521ABA05600B3BAA0 /* ViewController.m */,
				CD82C43721ABA05600B3BAA0 /* Main.storyboard */,
				CD82C43A21ABA05A00B3BAA0 /* Assets.xcassets */,
				CD82C43C21ABA05A00B3BAA0 /* LaunchScreen.storyboard */,
				CD82C43F21ABA05A00B3BAA0 /* Info.plist */,
				CD82C44721AD186600B3BAA0 /* appName.plist */,
				CD82C44021ABA05A00B3BAA0 /* main.m */,
			);
			path = Knowledge;
			sourceTree = "<group>";
		};
		DC0CB9085640D0E2735C58CD /* Pods */ = {
			isa = PBXGroup;
			children = (
				CE4D5E2A6D7AE46EFEA0D0D1 /* Pods-Knowledge.debug.xcconfig */,
				EECC7103DE9C8B113A6174F9 /* Pods-Knowledge.release.xcconfig */,
			);
			name = Pods;
			sourceTree = "<group>";
		};
/* End PBXGroup section */

/* Begin PBXNativeTarget section */
		CD82C42D21ABA05600B3BAA0 /* Knowledge */ = {
			isa = PBXNativeTarget;
			buildConfigurationList = CD82C44421ABA05A00B3BAA0 /* Build configuration list for PBXNativeTarget "Knowledge" */;
			buildPhases = (
				6ACE8D9D7997F8AA43F2833A /* [CP] Check Pods Manifest.lock */,
				CD82C42A21ABA05600B3BAA0 /* Sources */,
				CD82C42B21ABA05600B3BAA0 /* Frameworks */,
				CD82C42C21ABA05600B3BAA0 /* Resources */,
			);
			buildRules = (
			);
			dependencies = (
			);
			name = Knowledge;
			productName = Knowledge;
			productReference = CD82C42E21ABA05600B3BAA0 /* Knowledge.app */;
			productType = "com.apple.product-type.application";
		};
/* End PBXNativeTarget section */

/* Begin PBXProject section */
		CD82C42621ABA05600B3BAA0 /* Project object */ = {
			isa = PBXProject;
			attributes = {
				LastUpgradeCheck = 0940;
				ORGANIZATIONNAME = PPD;
				TargetAttributes = {
					CD82C42D21ABA05600B3BAA0 = {
						CreatedOnToolsVersion = 9.4.1;
					};
				};
			};
			buildConfigurationList = CD82C42921ABA05600B3BAA0 /* Build configuration list for PBXProject "Knowledge" */;
			compatibilityVersion = "Xcode 9.3";
			developmentRegion = en;
			hasScannedForEncodings = 0;
			knownRegions = (
				en,
				Base,
			);
			mainGroup = CD82C42521ABA05600B3BAA0;
			productRefGroup = CD82C42F21ABA05600B3BAA0 /* Products */;
			projectDirPath = "";
			projectRoot = "";
			targets = (
				CD82C42D21ABA05600B3BAA0 /* Knowledge */,
			);
		};
/* End PBXProject section */

/* Begin PBXResourcesBuildPhase section */
		CD82C42C21ABA05600B3BAA0 /* Resources */ = {
			isa = PBXResourcesBuildPhase;
			buildActionMask = 2147483647;
			files = (
				CD82C43E21ABA05A00B3BAA0 /* LaunchScreen.storyboard in Resources */,
				CD82C44821AD186600B3BAA0 /* appName.plist in Resources */,
				CD82C43B21ABA05A00B3BAA0 /* Assets.xcassets in Resources */,
				CD82C43921ABA05600B3BAA0 /* Main.storyboard in Resources */,
			);
			runOnlyForDeploymentPostprocessing = 0;
		};
/* End PBXResourcesBuildPhase section */

/* Begin PBXShellScriptBuildPhase section */
		6ACE8D9D7997F8AA43F2833A /* [CP] Check Pods Manifest.lock */ = {
			isa = PBXShellScriptBuildPhase;
			buildActionMask = 2147483647;
			files = (
			);
			inputPaths = (
				"${PODS_PODFILE_DIR_PATH}/Podfile.lock",
				"${PODS_ROOT}/Manifest.lock",
			);
			name = "[CP] Check Pods Manifest.lock";
			outputPaths = (
				"$(DERIVED_FILE_DIR)/Pods-Knowledge-checkManifestLockResult.txt",
			);
			runOnlyForDeploymentPostprocessing = 0;
			shellPath = /bin/sh;
			shellScript = "diff \"${PODS_PODFILE_DIR_PATH}/Podfile.lock\" \"${PODS_ROOT}/Manifest.lock\" > /dev/null\nif [ $? != 0 ] ; then\n    # print error to STDERR\n    echo \"error: The sandbox is not in sync with the Podfile.lock. Run 'pod install' or update your CocoaPods installation.\" >&2\n    exit 1\nfi\n# This output is used by Xcode 'outputs' to avoid re-running this script phase.\necho \"SUCCESS\" > \"${SCRIPT_OUTPUT_FILE_0}\"\n";
			showEnvVarsInLog = 0;
		};
/* End PBXShellScriptBuildPhase section */

/* Begin PBXSourcesBuildPhase section */
		CD82C42A21ABA05600B3BAA0 /* Sources */ = {
			isa = PBXSourcesBuildPhase;
			buildActionMask = 2147483647;
			files = (
				7CA6494422F5DCE800AA4B86 /* KNumber.m in Sources */,
				7CA6471022F09CA300AA4B86 /* Prototype.m in Sources */,
				CD6896082229614700AE5169 /* MessageTarget.m in Sources */,
				7CA6492822F5B8D300AA4B86 /* AbstractFactory.m in Sources */,
				CD38B60721D23B7E008FEBAE /* Personal.m in Sources */,
				CD6896072229614700AE5169 /* MessageForwarding.m in Sources */,
				7CA6493422F5BBB100AA4B86 /* AbLongFactory.m in Sources */,
				7CA6491F22F59A7000AA4B86 /* ProductCar.m in Sources */,
				CD7CD30621E342A700A7FCFD /* UserInfoModel.m in Sources */,
				7CA6492222F59A8500AA4B86 /* ProductBaoMa.m in Sources */,
				7CA6491C22F59A2200AA4B86 /* BenzFactory.m in Sources */,
				7CA6491922F59A0800AA4B86 /* BaoMaFactory.m in Sources */,
				7CA6490E22F3454400AA4B86 /* Benz.m in Sources */,
				CD6896002229613F00AE5169 /* NSKVONotifying_KVOTest.m in Sources */,
				7CA6493D22F5BD0400AA4B86 /* KFloat.m in Sources */,
				CD6896012229613F00AE5169 /* LockTest.m in Sources */,
				CD6896022229613F00AE5169 /* Multithreading.m in Sources */,
				7CA6491622F516D500AA4B86 /* CarFactory.m in Sources */,
				CD6895FF2229613F00AE5169 /* KVOTest.m in Sources */,
				7CA6492E22F5BB8600AA4B86 /* AbIntegerFactory.m in Sources */,
				7CA6493A22F5BCF800AA4B86 /* KInteger.m in Sources */,
				CD38B60021D239FA008FEBAE /* RuntimeTest.m in Sources */,
				7CA6491122F3458700AA4B86 /* BaseCar.m in Sources */,
				CD7CD30F21E43A3D00A7FCFD /* TFBaseModel.m in Sources */,
				CD82C43621ABA05600B3BAA0 /* ViewController.m in Sources */,
				CD38B60A21D241A9008FEBAE /* UIImage+KZ_Load.m in Sources */,
				7CDC9289222ACD1F004F7E31 /* BlockTest.m in Sources */,
				CD82C44121ABA05A00B3BAA0 /* main.m in Sources */,
				7CA6470722EF42EF00AA4B86 /* BlackView.m in Sources */,
				7CA6470822EF42EF00AA4B86 /* RedView.m in Sources */,
				7CA6494022F5BD1000AA4B86 /* KLong.m in Sources */,
				7CA6492522F59A9700AA4B86 /* ProductBenz.m in Sources */,
				7CA6490822F33D7700AA4B86 /* Director.m in Sources */,
				7CA6493122F5BB9C00AA4B86 /* AbFloatFactory.m in Sources */,
				7CA6490B22F3448B00AA4B86 /* BaoMa.m in Sources */,
				7CA6470522EF42EF00AA4B86 /* YellowView.m in Sources */,
				7CA6490122F1E2F000AA4B86 /* Singleton.m in Sources */,
				CD82C43321ABA05600B3BAA0 /* AppDelegate.m in Sources */,
				7CA6470622EF42EF00AA4B86 /* GreenView.m in Sources */,
				7CA6490522F33D6400AA4B86 /* BuildCar.m in Sources */,
			);
			runOnlyForDeploymentPostprocessing = 0;
		};
/* End PBXSourcesBuildPhase section */

/* Begin PBXVariantGroup section */
		CD82C43721ABA05600B3BAA0 /* Main.storyboard */ = {
			isa = PBXVariantGroup;
			children = (
				CD82C43821ABA05600B3BAA0 /* Base */,
			);
			name = Main.storyboard;
			sourceTree = "<group>";
		};
		CD82C43C21ABA05A00B3BAA0 /* LaunchScreen.storyboard */ = {
			isa = PBXVariantGroup;
			children = (
				CD82C43D21ABA05A00B3BAA0 /* Base */,
			);
			name = LaunchScreen.storyboard;
			sourceTree = "<group>";
		};
/* End PBXVariantGroup section */

/* Begin XCBuildConfiguration section */
		CD82C44221ABA05A00B3BAA0 /* Debug */ = {
			isa = XCBuildConfiguration;
			buildSettings = {
				ALWAYS_SEARCH_USER_PATHS = NO;
				CLANG_ANALYZER_NONNULL = YES;
				CLANG_ANALYZER_NUMBER_OBJECT_CONVERSION = YES_AGGRESSIVE;
				CLANG_CXX_LANGUAGE_STANDARD = "gnu++14";
				CLANG_CXX_LIBRARY = "libc++";
				CLANG_ENABLE_MODULES = YES;
				CLANG_ENABLE_OBJC_ARC = YES;
				CLANG_ENABLE_OBJC_WEAK = YES;
				CLANG_WARN_BLOCK_CAPTURE_AUTORELEASING = YES;
				CLANG_WARN_BOOL_CONVERSION = YES;
				CLANG_WARN_COMMA = YES;
				CLANG_WARN_CONSTANT_CONVERSION = YES;
				CLANG_WARN_DEPRECATED_OBJC_IMPLEMENTATIONS = YES;
				CLANG_WARN_DIRECT_OBJC_ISA_USAGE = YES_ERROR;
				CLANG_WARN_DOCUMENTATION_COMMENTS = YES;
				CLANG_WARN_EMPTY_BODY = YES;
				CLANG_WARN_ENUM_CONVERSION = YES;
				CLANG_WARN_INFINITE_RECURSION = YES;
				CLANG_WARN_INT_CONVERSION = YES;
				CLANG_WARN_NON_LITERAL_NULL_CONVERSION = YES;
				CLANG_WARN_OBJC_IMPLICIT_RETAIN_SELF = YES;
				CLANG_WARN_OBJC_LITERAL_CONVERSION = YES;
				CLANG_WARN_OBJC_ROOT_CLASS = YES_ERROR;
				CLANG_WARN_RANGE_LOOP_ANALYSIS = YES;
				CLANG_WARN_STRICT_PROTOTYPES = YES;
				CLANG_WARN_SUSPICIOUS_MOVE = YES;
				CLANG_WARN_UNGUARDED_AVAILABILITY = YES_AGGRESSIVE;
				CLANG_WARN_UNREACHABLE_CODE = YES;
				CLANG_WARN__DUPLICATE_METHOD_MATCH = YES;
				CODE_SIGN_IDENTITY = "iPhone Developer";
				COPY_PHASE_STRIP = NO;
				DEBUG_INFORMATION_FORMAT = dwarf;
				ENABLE_STRICT_OBJC_MSGSEND = YES;
				ENABLE_TESTABILITY = YES;
				GCC_C_LANGUAGE_STANDARD = gnu11;
				GCC_DYNAMIC_NO_PIC = NO;
				GCC_NO_COMMON_BLOCKS = YES;
				GCC_OPTIMIZATION_LEVEL = 0;
				GCC_PREPROCESSOR_DEFINITIONS = (
					"DEBUG=1",
					"$(inherited)",
				);
				GCC_WARN_64_TO_32_BIT_CONVERSION = YES;
				GCC_WARN_ABOUT_RETURN_TYPE = YES_ERROR;
				GCC_WARN_UNDECLARED_SELECTOR = YES;
				GCC_WARN_UNINITIALIZED_AUTOS = YES_AGGRESSIVE;
				GCC_WARN_UNUSED_FUNCTION = YES;
				GCC_WARN_UNUSED_VARIABLE = YES;
				IPHONEOS_DEPLOYMENT_TARGET = 11.4;
				MTL_ENABLE_DEBUG_INFO = YES;
				ONLY_ACTIVE_ARCH = YES;
				SDKROOT = iphoneos;
			};
			name = Debug;
		};
		CD82C44321ABA05A00B3BAA0 /* Release */ = {
			isa = XCBuildConfiguration;
			buildSettings = {
				ALWAYS_SEARCH_USER_PATHS = NO;
				CLANG_ANALYZER_NONNULL = YES;
				CLANG_ANALYZER_NUMBER_OBJECT_CONVERSION = YES_AGGRESSIVE;
				CLANG_CXX_LANGUAGE_STANDARD = "gnu++14";
				CLANG_CXX_LIBRARY = "libc++";
				CLANG_ENABLE_MODULES = YES;
				CLANG_ENABLE_OBJC_ARC = YES;
				CLANG_ENABLE_OBJC_WEAK = YES;
				CLANG_WARN_BLOCK_CAPTURE_AUTORELEASING = YES;
				CLANG_WARN_BOOL_CONVERSION = YES;
				CLANG_WARN_COMMA = YES;
				CLANG_WARN_CONSTANT_CONVERSION = YES;
				CLANG_WARN_DEPRECATED_OBJC_IMPLEMENTATIONS = YES;
				CLANG_WARN_DIRECT_OBJC_ISA_USAGE = YES_ERROR;
				CLANG_WARN_DOCUMENTATION_COMMENTS = YES;
				CLANG_WARN_EMPTY_BODY = YES;
				CLANG_WARN_ENUM_CONVERSION = YES;
				CLANG_WARN_INFINITE_RECURSION = YES;
				CLANG_WARN_INT_CONVERSION = YES;
				CLANG_WARN_NON_LITERAL_NULL_CONVERSION = YES;
				CLANG_WARN_OBJC_IMPLICIT_RETAIN_SELF = YES;
				CLANG_WARN_OBJC_LITERAL_CONVERSION = YES;
				CLANG_WARN_OBJC_ROOT_CLASS = YES_ERROR;
				CLANG_WARN_RANGE_LOOP_ANALYSIS = YES;
				CLANG_WARN_STRICT_PROTOTYPES = YES;
				CLANG_WARN_SUSPICIOUS_MOVE = YES;
				CLANG_WARN_UNGUARDED_AVAILABILITY = YES_AGGRESSIVE;
				CLANG_WARN_UNREACHABLE_CODE = YES;
				CLANG_WARN__DUPLICATE_METHOD_MATCH = YES;
				CODE_SIGN_IDENTITY = "iPhone Developer";
				COPY_PHASE_STRIP = NO;
				DEBUG_INFORMATION_FORMAT = "dwarf-with-dsym";
				ENABLE_NS_ASSERTIONS = NO;
				ENABLE_STRICT_OBJC_MSGSEND = YES;
				GCC_C_LANGUAGE_STANDARD = gnu11;
				GCC_NO_COMMON_BLOCKS = YES;
				GCC_WARN_64_TO_32_BIT_CONVERSION = YES;
				GCC_WARN_ABOUT_RETURN_TYPE = YES_ERROR;
				GCC_WARN_UNDECLARED_SELECTOR = YES;
				GCC_WARN_UNINITIALIZED_AUTOS = YES_AGGRESSIVE;
				GCC_WARN_UNUSED_FUNCTION = YES;
				GCC_WARN_UNUSED_VARIABLE = YES;
				IPHONEOS_DEPLOYMENT_TARGET = 11.4;
				MTL_ENABLE_DEBUG_INFO = NO;
				SDKROOT = iphoneos;
				VALIDATE_PRODUCT = YES;
			};
			name = Release;
		};
		CD82C44521ABA05A00B3BAA0 /* Debug */ = {
			isa = XCBuildConfiguration;
			baseConfigurationReference = CE4D5E2A6D7AE46EFEA0D0D1 /* Pods-Knowledge.debug.xcconfig */;
			buildSettings = {
				ASSETCATALOG_COMPILER_APPICON_NAME = AppIcon;
				CODE_SIGN_STYLE = Manual;
				DEVELOPMENT_TEAM = 9R8U88B3Y5;
				INFOPLIST_FILE = Knowledge/Info.plist;
				IPHONEOS_DEPLOYMENT_TARGET = 9.3;
				LD_RUNPATH_SEARCH_PATHS = (
					"$(inherited)",
					"@executable_path/Frameworks",
				);
				PRODUCT_BUNDLE_IDENTIFIER = com.PPD.Knowledge;
				PRODUCT_NAME = "$(TARGET_NAME)";
				PROVISIONING_PROFILE = "cd9e1d8d-6248-4efd-8612-6ee7813b8779";
				PROVISIONING_PROFILE_SPECIFIER = pluosi_dev;
				TARGETED_DEVICE_FAMILY = "1,2";
			};
			name = Debug;
		};
		CD82C44621ABA05A00B3BAA0 /* Release */ = {
			isa = XCBuildConfiguration;
			baseConfigurationReference = EECC7103DE9C8B113A6174F9 /* Pods-Knowledge.release.xcconfig */;
			buildSettings = {
				ASSETCATALOG_COMPILER_APPICON_NAME = AppIcon;
				CODE_SIGN_STYLE = Manual;
				DEVELOPMENT_TEAM = "";
				INFOPLIST_FILE = Knowledge/Info.plist;
				IPHONEOS_DEPLOYMENT_TARGET = 9.3;
				LD_RUNPATH_SEARCH_PATHS = (
					"$(inherited)",
					"@executable_path/Frameworks",
				);
				PRODUCT_BUNDLE_IDENTIFIER = com.PPD.Knowledge;
				PRODUCT_NAME = "$(TARGET_NAME)";
				PROVISIONING_PROFILE_SPECIFIER = "";
				TARGETED_DEVICE_FAMILY = "1,2";
			};
			name = Release;
		};
/* End XCBuildConfiguration section */

/* Begin XCConfigurationList section */
		CD82C42921ABA05600B3BAA0 /* Build configuration list for PBXProject "Knowledge" */ = {
			isa = XCConfigurationList;
			buildConfigurations = (
				CD82C44221ABA05A00B3BAA0 /* Debug */,
				CD82C44321ABA05A00B3BAA0 /* Release */,
			);
			defaultConfigurationIsVisible = 0;
			defaultConfigurationName = Release;
		};
		CD82C44421ABA05A00B3BAA0 /* Build configuration list for PBXNativeTarget "Knowledge" */ = {
			isa = XCConfigurationList;
			buildConfigurations = (
				CD82C44521ABA05A00B3BAA0 /* Debug */,
				CD82C44621ABA05A00B3BAA0 /* Release */,
			);
			defaultConfigurationIsVisible = 0;
			defaultConfigurationName = Release;
		};
/* End XCConfigurationList section */
	};
	rootObject = CD82C42621ABA05600B3BAA0 /* Project object */;
}
